
Microsoft Visual Studio Solution File, Format Version 12.00
# Visual Studio Version 17
VisualStudioVersion = 17.1.32210.238
MinimumVisualStudioVersion = 10.0.40219.1
Project("{9A19103F-16F7-4668-BE54-9A1E7A4F7556}") = "TClone", "TClone\TClone.csproj", "{E703381B-389F-4DD2-ABCB-3308A2C75201}"
EndProject
Project("{FAE04EC0-301F-11D3-BF4B-00C04F79EFBC}") = "Auth", "Auth\Auth.csproj", "{409E0631-2060-4A1D-8828-86423DD42617}"
EndProject
Project("{2150E333-8FDC-42A3-9474-1A3956D46DE8}") = "Domain", "Domain", "{3A4288AB-EFC0-4F19-9104-212833D6489B}"
EndProject
Project("{FAE04EC0-301F-11D3-BF4B-00C04F79EFBC}") = "Models", "Models\Models.csproj", "{271A56C0-152C-4F17-A08E-C14D15BA4B9A}"
EndProject
Project("{FAE04EC0-301F-11D3-BF4B-00C04F79EFBC}") = "Dto", "Dto\Dto.csproj", "{D620072C-1F73-424D-AEA6-889CD3669A0A}"
EndProject
Project("{2150E333-8FDC-42A3-9474-1A3956D46DE8}") = "Presentation", "Presentation", "{0BF7BB5C-6DF0-4BC0-A24F-BE2426FF422E}"
EndProject
Project("{FAE04EC0-301F-11D3-BF4B-00C04F79EFBC}") = "Controller", "Controller\Controller.csproj", "{A7B82E9D-2B43-4C3D-8329-A04641249D59}"
EndProject
Project("{2150E333-8FDC-42A3-9474-1A3956D46DE8}") = "Infrastructure", "Infrastructure", "{9252B3AE-FB0D-4BA9-BAA6-B15480528E8B}"
EndProject
Project("{FAE04EC0-301F-11D3-BF4B-00C04F79EFBC}") = "Data", "Data\Data.csproj", "{5FC270E7-50B3-466B-86A4-BA91ECCB70AA}"
EndProject
Project("{2150E333-8FDC-42A3-9474-1A3956D46DE8}") = "Application", "Application", "{9BF6D5F3-A7E3-4246-A466-469AC47FEAC5}"
EndProject
Project("{FAE04EC0-301F-11D3-BF4B-00C04F79EFBC}") = "Repository", "Repository\Repository.csproj", "{D02D4CFB-3420-4CFB-8F5D-72C42CAD2656}"
EndProject
Project("{FAE04EC0-301F-11D3-BF4B-00C04F79EFBC}") = "RepoImplementation", "GenericRepository\RepoImplementation.csproj", "{B3F93494-31B8-43E9-BE77-7B1392BA4998}"
EndProject
Global
	GlobalSection(SolutionConfigurationPlatforms) = preSolution
		Debug|Any CPU = Debug|Any CPU
		Release|Any CPU = Release|Any CPU
	EndGlobalSection
	GlobalSection(ProjectConfigurationPlatforms) = postSolution
		{E703381B-389F-4DD2-ABCB-3308A2C75201}.Debug|Any CPU.ActiveCfg = Debug|Any CPU
		{E703381B-389F-4DD2-ABCB-3308A2C75201}.Debug|Any CPU.Build.0 = Debug|Any CPU
		{E703381B-389F-4DD2-ABCB-3308A2C75201}.Release|Any CPU.ActiveCfg = Release|Any CPU
		{E703381B-389F-4DD2-ABCB-3308A2C75201}.Release|Any CPU.Build.0 = Release|Any CPU
		{409E0631-2060-4A1D-8828-86423DD42617}.Debug|Any CPU.ActiveCfg = Debug|Any CPU
		{409E0631-2060-4A1D-8828-86423DD42617}.Debug|Any CPU.Build.0 = Debug|Any CPU
		{409E0631-2060-4A1D-8828-86423DD42617}.Release|Any CPU.ActiveCfg = Release|Any CPU
		{409E0631-2060-4A1D-8828-86423DD42617}.Release|Any CPU.Build.0 = Release|Any CPU
		{271A56C0-152C-4F17-A08E-C14D15BA4B9A}.Debug|Any CPU.ActiveCfg = Debug|Any CPU
		{271A56C0-152C-4F17-A08E-C14D15BA4B9A}.Debug|Any CPU.Build.0 = Debug|Any CPU
		{271A56C0-152C-4F17-A08E-C14D15BA4B9A}.Release|Any CPU.ActiveCfg = Release|Any CPU
		{271A56C0-152C-4F17-A08E-C14D15BA4B9A}.Release|Any CPU.Build.0 = Release|Any CPU
		{D620072C-1F73-424D-AEA6-889CD3669A0A}.Debug|Any CPU.ActiveCfg = Debug|Any CPU
		{D620072C-1F73-424D-AEA6-889CD3669A0A}.Debug|Any CPU.Build.0 = Debug|Any CPU
		{D620072C-1F73-424D-AEA6-889CD3669A0A}.Release|Any CPU.ActiveCfg = Release|Any CPU
		{D620072C-1F73-424D-AEA6-889CD3669A0A}.Release|Any CPU.Build.0 = Release|Any CPU
		{A7B82E9D-2B43-4C3D-8329-A04641249D59}.Debug|Any CPU.ActiveCfg = Debug|Any CPU
		{A7B82E9D-2B43-4C3D-8329-A04641249D59}.Debug|Any CPU.Build.0 = Debug|Any CPU
		{A7B82E9D-2B43-4C3D-8329-A04641249D59}.Release|Any CPU.ActiveCfg = Release|Any CPU
		{A7B82E9D-2B43-4C3D-8329-A04641249D59}.Release|Any CPU.Build.0 = Release|Any CPU
		{5FC270E7-50B3-466B-86A4-BA91ECCB70AA}.Debug|Any CPU.ActiveCfg = Debug|Any CPU
		{5FC270E7-50B3-466B-86A4-BA91ECCB70AA}.Debug|Any CPU.Build.0 = Debug|Any CPU
		{5FC270E7-50B3-466B-86A4-BA91ECCB70AA}.Release|Any CPU.ActiveCfg = Release|Any CPU
		{5FC270E7-50B3-466B-86A4-BA91ECCB70AA}.Release|Any CPU.Build.0 = Release|Any CPU
		{D02D4CFB-3420-4CFB-8F5D-72C42CAD2656}.Debug|Any CPU.ActiveCfg = Debug|Any CPU
		{D02D4CFB-3420-4CFB-8F5D-72C42CAD2656}.Debug|Any CPU.Build.0 = Debug|Any CPU
		{D02D4CFB-3420-4CFB-8F5D-72C42CAD2656}.Release|Any CPU.ActiveCfg = Release|Any CPU
		{D02D4CFB-3420-4CFB-8F5D-72C42CAD2656}.Release|Any CPU.Build.0 = Release|Any CPU
		{B3F93494-31B8-43E9-BE77-7B1392BA4998}.Debug|Any CPU.ActiveCfg = Debug|Any CPU
		{B3F93494-31B8-43E9-BE77-7B1392BA4998}.Debug|Any CPU.Build.0 = Debug|Any CPU
		{B3F93494-31B8-43E9-BE77-7B1392BA4998}.Release|Any CPU.ActiveCfg = Release|Any CPU
		{B3F93494-31B8-43E9-BE77-7B1392BA4998}.Release|Any CPU.Build.0 = Release|Any CPU
	EndGlobalSection
	GlobalSection(SolutionProperties) = preSolution
		HideSolutionNode = FALSE
	EndGlobalSection
	GlobalSection(NestedProjects) = preSolution
		{E703381B-389F-4DD2-ABCB-3308A2C75201} = {9BF6D5F3-A7E3-4246-A466-469AC47FEAC5}
		{271A56C0-152C-4F17-A08E-C14D15BA4B9A} = {3A4288AB-EFC0-4F19-9104-212833D6489B}
		{D620072C-1F73-424D-AEA6-889CD3669A0A} = {3A4288AB-EFC0-4F19-9104-212833D6489B}
		{A7B82E9D-2B43-4C3D-8329-A04641249D59} = {0BF7BB5C-6DF0-4BC0-A24F-BE2426FF422E}
		{5FC270E7-50B3-466B-86A4-BA91ECCB70AA} = {9252B3AE-FB0D-4BA9-BAA6-B15480528E8B}
		{D02D4CFB-3420-4CFB-8F5D-72C42CAD2656} = {9252B3AE-FB0D-4BA9-BAA6-B15480528E8B}
		{B3F93494-31B8-43E9-BE77-7B1392BA4998} = {9252B3AE-FB0D-4BA9-BAA6-B15480528E8B}
	EndGlobalSection
	GlobalSection(ExtensibilityGlobals) = postSolution
		SolutionGuid = {9609203A-8494-4EA4-95A7-BE6E5E129F22}
	EndGlobalSection
EndGlobal
